
Microsoft Visual Studio Solution File, Format Version 9.00
# Visual Studio 2005
Project("{FAE04EC0-301F-11D3-BF4B-00C04F79EFBC}") = "SPDataPart", "SPDataPart\SPDataPart.csproj", "{277F88C6-90C0-4917-9181-69E763744577}"
EndProject
Project("{54435603-DBB4-11D2-8724-00A0C9A8B90C}") = "SPDataPartSolution", "SPDataPartSolution\SPDataPartSolution.vdproj", "{4832075F-D66A-4F93-A03E-225E89E78538}"
EndProject
Global
	GlobalSection(SolutionConfigurationPlatforms) = preSolution
		Debug|Any CPU = Debug|Any CPU
		Release|Any CPU = Release|Any CPU
	EndGlobalSection
	GlobalSection(ProjectConfigurationPlatforms) = postSolution
		{277F88C6-90C0-4917-9181-69E763744577}.Debug|Any CPU.ActiveCfg = Debug|Any CPU
		{277F88C6-90C0-4917-9181-69E763744577}.Debug|Any CPU.Build.0 = Debug|Any CPU
		{277F88C6-90C0-4917-9181-69E763744577}.Release|Any CPU.ActiveCfg = Release|Any CPU
		{277F88C6-90C0-4917-9181-69E763744577}.Release|Any CPU.Build.0 = Release|Any CPU
		{4832075F-D66A-4F93-A03E-225E89E78538}.Debug|Any CPU.ActiveCfg = Debug
		{4832075F-D66A-4F93-A03E-225E89E78538}.Debug|Any CPU.Build.0 = Debug
		{4832075F-D66A-4F93-A03E-225E89E78538}.Release|Any CPU.ActiveCfg = Release
		{4832075F-D66A-4F93-A03E-225E89E78538}.Release|Any CPU.Build.0 = Release
	EndGlobalSection
	GlobalSection(SolutionProperties) = preSolution
		HideSolutionNode = FALSE
	EndGlobalSection
EndGlobal
