
Microsoft Visual Studio Solution File, Format Version 9.00
# Visual Studio 2005
Project("{FAE04EC0-301F-11D3-BF4B-00C04F79EFBC}") = "CreateDocX", "CreateDocX\CreateDocX.csproj", "{0EB28D9A-B553-4F82-B978-F2ED70C73D21}"
EndProject
Project("{FAE04EC0-301F-11D3-BF4B-00C04F79EFBC}") = "PrintOutTextElements", "PrintOutTextElements\PrintOutTextElements.csproj", "{C8D91159-FCB8-469D-966A-8930D4543F3B}"
EndProject
Global
	GlobalSection(SolutionConfigurationPlatforms) = preSolution
		Debug|Any CPU = Debug|Any CPU
		Release|Any CPU = Release|Any CPU
	EndGlobalSection
	GlobalSection(ProjectConfigurationPlatforms) = postSolution
		{0EB28D9A-B553-4F82-B978-F2ED70C73D21}.Debug|Any CPU.ActiveCfg = Debug|Any CPU
		{0EB28D9A-B553-4F82-B978-F2ED70C73D21}.Debug|Any CPU.Build.0 = Debug|Any CPU
		{0EB28D9A-B553-4F82-B978-F2ED70C73D21}.Release|Any CPU.ActiveCfg = Release|Any CPU
		{0EB28D9A-B553-4F82-B978-F2ED70C73D21}.Release|Any CPU.Build.0 = Release|Any CPU
		{C8D91159-FCB8-469D-966A-8930D4543F3B}.Debug|Any CPU.ActiveCfg = Debug|Any CPU
		{C8D91159-FCB8-469D-966A-8930D4543F3B}.Debug|Any CPU.Build.0 = Debug|Any CPU
		{C8D91159-FCB8-469D-966A-8930D4543F3B}.Release|Any CPU.ActiveCfg = Release|Any CPU
		{C8D91159-FCB8-469D-966A-8930D4543F3B}.Release|Any CPU.Build.0 = Release|Any CPU
	EndGlobalSection
	GlobalSection(SolutionProperties) = preSolution
		HideSolutionNode = FALSE
	EndGlobalSection
EndGlobal
