
Microsoft Visual Studio Solution File, Format Version 9.00
# Visual Studio 2005
Project("{FAE04EC0-301F-11D3-BF4B-00C04F79EFBC}") = "CustomActivities", "CustomActivities\CustomActivities.csproj", "{7DD7AFD2-4534-48A8-BFA0-754BFADF8CB3}"
EndProject
Project("{FAE04EC0-301F-11D3-BF4B-00C04F79EFBC}") = "ReviewFlow", "ReviewFlow\ReviewFlow.csproj", "{B6D1B592-4A3E-4FC4-877B-874A277B72E8}"
EndProject
Global
	GlobalSection(SolutionConfigurationPlatforms) = preSolution
		Debug|Any CPU = Debug|Any CPU
		Release|Any CPU = Release|Any CPU
	EndGlobalSection
	GlobalSection(ProjectConfigurationPlatforms) = postSolution
		{7DD7AFD2-4534-48A8-BFA0-754BFADF8CB3}.Debug|Any CPU.ActiveCfg = Debug|Any CPU
		{7DD7AFD2-4534-48A8-BFA0-754BFADF8CB3}.Debug|Any CPU.Build.0 = Debug|Any CPU
		{7DD7AFD2-4534-48A8-BFA0-754BFADF8CB3}.Release|Any CPU.ActiveCfg = Release|Any CPU
		{7DD7AFD2-4534-48A8-BFA0-754BFADF8CB3}.Release|Any CPU.Build.0 = Release|Any CPU
		{B6D1B592-4A3E-4FC4-877B-874A277B72E8}.Debug|Any CPU.ActiveCfg = Debug|Any CPU
		{B6D1B592-4A3E-4FC4-877B-874A277B72E8}.Debug|Any CPU.Build.0 = Debug|Any CPU
		{B6D1B592-4A3E-4FC4-877B-874A277B72E8}.Release|Any CPU.ActiveCfg = Release|Any CPU
		{B6D1B592-4A3E-4FC4-877B-874A277B72E8}.Release|Any CPU.Build.0 = Release|Any CPU
	EndGlobalSection
	GlobalSection(SolutionProperties) = preSolution
		HideSolutionNode = FALSE
	EndGlobalSection
EndGlobal
